
Microsoft Visual Studio Solution File, Format Version 12.00
# Visual Studio Version 17
VisualStudioVersion = 17.4.33213.308
MinimumVisualStudioVersion = 10.0.40219.1
Project("{FAE04EC0-301F-11D3-BF4B-00C04F79EFBC}") = "IRLab", "IRLab\IRLab.csproj", "{01B99FAB-7F2B-4698-87D6-00F50D39CAB8}"
EndProject
Global
	GlobalSection(SolutionConfigurationPlatforms) = preSolution
		Debug|Any CPU = Debug|Any CPU
		Release|Any CPU = Release|Any CPU
	EndGlobalSection
	GlobalSection(ProjectConfigurationPlatforms) = postSolution
		{01B99FAB-7F2B-4698-87D6-00F50D39CAB8}.Debug|Any CPU.ActiveCfg = Debug|Any CPU
		{01B99FAB-7F2B-4698-87D6-00F50D39CAB8}.Debug|Any CPU.Build.0 = Debug|Any CPU
		{01B99FAB-7F2B-4698-87D6-00F50D39CAB8}.Release|Any CPU.ActiveCfg = Release|Any CPU
		{01B99FAB-7F2B-4698-87D6-00F50D39CAB8}.Release|Any CPU.Build.0 = Release|Any CPU
	EndGlobalSection
	GlobalSection(SolutionProperties) = preSolution
		HideSolutionNode = FALSE
	EndGlobalSection
	GlobalSection(ExtensibilityGlobals) = postSolution
		SolutionGuid = {6F5E1F1D-F319-431B-BF91-2B696169D49A}
	EndGlobalSection
EndGlobal
